// !$*UTF8*$!
{
	archiveVersion = 1;
	classes = {
	};
	objectVersion = 77;
	objects = {

/* Begin PBXBuildFile section */
		2F1DD8522F2AB6D2008B1A20 /* SocketIO in Frameworks */ = {isa = PBXBuildFile; productRef = 2F1DD8512F2AB6D2008B1A20 /* SocketIO */; };
		2FE318DE2F229B1500F8305A /* WidgetKit.framework in Frameworks */ = {isa = PBXBuildFile; fileRef = 2FE318DD2F229B1400F8305A /* WidgetKit.framework */; };
		2FE318E02F229B1500F8305A /* SwiftUI.framework in Frameworks */ = {isa = PBXBuildFile; fileRef = 2FE318DF2F229B1500F8305A /* SwiftUI.framework */; };
		2FE318F12F229B1700F8305A /* PromptWidgetExtensionExtension.appex in Embed Foundation Extensions */ = {isa = PBXBuildFile; fileRef = 2FE318DB2F229B1400F8305A /* PromptWidgetExtensionExtension.appex */; settings = {ATTRIBUTES = (RemoveHeadersOnCopy, ); }; };
		2FF0026E2F25E8230039FFE0 /* FirebaseAnalytics in Frameworks */ = {isa = PBXBuildFile; productRef = 2FF0026D2F25E8230039FFE0 /* FirebaseAnalytics */; };
		2FF002702F25E8230039FFE0 /* FirebaseAnalyticsCore in Frameworks */ = {isa = PBXBuildFile; productRef = 2FF0026F2F25E8230039FFE0 /* FirebaseAnalyticsCore */; };
		2FF002722F25E8230039FFE0 /* FirebaseAnalyticsIdentitySupport in Frameworks */ = {isa = PBXBuildFile; productRef = 2FF002712F25E8230039FFE0 /* FirebaseAnalyticsIdentitySupport */; };
		2FF002772F25EC3A0039FFE0 /* FirebaseCrashlytics in Frameworks */ = {isa = PBXBuildFile; productRef = 2FF002762F25EC3A0039FFE0 /* FirebaseCrashlytics */; };
		3117569E48D7851BAE137469 /* PromptUITests/ScreenshotTests.swift in Sources */ = {isa = PBXBuildFile; fileRef = D3816F1BCB5CD71643E49CDA /* PromptUITests/ScreenshotTests.swift */; };
		3DFCFCBB3A2515CED9A9610F /* Foundation.framework in Frameworks */ = {isa = PBXBuildFile; fileRef = 1767159F3A8A8318E799A51C /* Foundation.framework */; };
		F67B4B4AB3DB8E0F8AF8AE6C /* PromptUITests/SnapshotHelper.swift in Sources */ = {isa = PBXBuildFile; fileRef = 90AE3E57D1D2828E4DF480C9 /* PromptUITests/SnapshotHelper.swift */; };
/* End PBXBuildFile section */

/* Begin PBXContainerItemProxy section */
		2FE318EF2F229B1700F8305A /* PBXContainerItemProxy */ = {
			isa = PBXContainerItemProxy;
			containerPortal = 2F2D040D2F1CCAB80090D110 /* Project object */;
			proxyType = 1;
			remoteGlobalIDString = 2FE318DA2F229B1400F8305A;
			remoteInfo = PromptWidgetExtensionExtension;
		};
		85CC3DCA78E7A703DF6DA954 /* PBXContainerItemProxy */ = {
			isa = PBXContainerItemProxy;
			containerPortal = 2F2D040D2F1CCAB80090D110 /* Project object */;
			proxyType = 1;
			remoteGlobalIDString = 2F2D04142F1CCAB80090D110;
			remoteInfo = Prompt;
		};
/* End PBXContainerItemProxy section */

/* Begin PBXCopyFilesBuildPhase section */
		2FE318F62F229B1700F8305A /* Embed Foundation Extensions */ = {
			isa = PBXCopyFilesBuildPhase;
			buildActionMask = 2147483647;
			dstPath = "";
			dstSubfolderSpec = 13;
			files = (
				2FE318F12F229B1700F8305A /* PromptWidgetExtensionExtension.appex in Embed Foundation Extensions */,
			);
			name = "Embed Foundation Extensions";
			runOnlyForDeploymentPostprocessing = 0;
		};
/* End PBXCopyFilesBuildPhase section */

/* Begin PBXFileReference section */
		06160774B0B708D3BA10F52E /* PromptUITests.xctest */ = {isa = PBXFileReference; explicitFileType = wrapper.cfbundle; includeInIndex = 0; path = PromptUITests.xctest; sourceTree = BUILT_PRODUCTS_DIR; };
		1767159F3A8A8318E799A51C /* Foundation.framework */ = {isa = PBXFileReference; lastKnownFileType = wrapper.framework; name = Foundation.framework; path = Platforms/iPhoneOS.platform/Developer/SDKs/iPhoneOS18.0.sdk/System/Library/Frameworks/Foundation.framework; sourceTree = DEVELOPER_DIR; };
		2F2D04152F1CCAB80090D110 /* Prompt.app */ = {isa = PBXFileReference; explicitFileType = wrapper.application; includeInIndex = 0; path = Prompt.app; sourceTree = BUILT_PRODUCTS_DIR; };
		2FE318DB2F229B1400F8305A /* PromptWidgetExtensionExtension.appex */ = {isa = PBXFileReference; explicitFileType = "wrapper.app-extension"; includeInIndex = 0; path = PromptWidgetExtensionExtension.appex; sourceTree = BUILT_PRODUCTS_DIR; };
		2FE318DD2F229B1400F8305A /* WidgetKit.framework */ = {isa = PBXFileReference; lastKnownFileType = wrapper.framework; name = WidgetKit.framework; path = System/Library/Frameworks/WidgetKit.framework; sourceTree = SDKROOT; };
		2FE318DF2F229B1500F8305A /* SwiftUI.framework */ = {isa = PBXFileReference; lastKnownFileType = wrapper.framework; name = SwiftUI.framework; path = System/Library/Frameworks/SwiftUI.framework; sourceTree = SDKROOT; };
		2FE319022F229B9700F8305A /* PromptWidgetExtensionExtension.entitlements */ = {isa = PBXFileReference; lastKnownFileType = text.plist.entitlements; path = PromptWidgetExtensionExtension.entitlements; sourceTree = "<group>"; };
		90AE3E57D1D2828E4DF480C9 /* PromptUITests/SnapshotHelper.swift */ = {isa = PBXFileReference; includeInIndex = 1; lastKnownFileType = sourcecode.swift; path = PromptUITests/SnapshotHelper.swift; sourceTree = SOURCE_ROOT; };
		AB979EF86BB183B20F25B776 /* PromptUITests/Info.plist */ = {isa = PBXFileReference; includeInIndex = 1; lastKnownFileType = text.plist.xml; path = PromptUITests/Info.plist; sourceTree = SOURCE_ROOT; };
		D3816F1BCB5CD71643E49CDA /* PromptUITests/ScreenshotTests.swift */ = {isa = PBXFileReference; includeInIndex = 1; lastKnownFileType = sourcecode.swift; path = PromptUITests/ScreenshotTests.swift; sourceTree = SOURCE_ROOT; };
/* End PBXFileReference section */

/* Begin PBXFileSystemSynchronizedBuildFileExceptionSet section */
		2F2D04222F1CCAB90090D110 /* Exceptions for "Prompt" folder in "Prompt" target */ = {
			isa = PBXFileSystemSynchronizedBuildFileExceptionSet;
			membershipExceptions = (
				Info.plist,
			);
			target = 2F2D04142F1CCAB80090D110 /* Prompt */;
		};
		2FE318F52F229B1700F8305A /* Exceptions for "PromptWidgetExtension" folder in "PromptWidgetExtensionExtension" target */ = {
			isa = PBXFileSystemSynchronizedBuildFileExceptionSet;
			membershipExceptions = (
				Info.plist,
			);
			target = 2FE318DA2F229B1400F8305A /* PromptWidgetExtensionExtension */;
		};
/* End PBXFileSystemSynchronizedBuildFileExceptionSet section */

/* Begin PBXFileSystemSynchronizedRootGroup section */
		2F2D04172F1CCAB80090D110 /* Prompt */ = {
			isa = PBXFileSystemSynchronizedRootGroup;
			exceptions = (
				2F2D04222F1CCAB90090D110 /* Exceptions for "Prompt" folder in "Prompt" target */,
			);
			path = Prompt;
			sourceTree = "<group>";
		};
		2FE318E12F229B1500F8305A /* PromptWidgetExtension */ = {
			isa = PBXFileSystemSynchronizedRootGroup;
			exceptions = (
				2FE318F52F229B1700F8305A /* Exceptions for "PromptWidgetExtension" folder in "PromptWidgetExtensionExtension" target */,
			);
			path = PromptWidgetExtension;
			sourceTree = "<group>";
		};
/* End PBXFileSystemSynchronizedRootGroup section */

/* Begin PBXFrameworksBuildPhase section */
		2F2D04122F1CCAB80090D110 /* Frameworks */ = {
			isa = PBXFrameworksBuildPhase;
			buildActionMask = 2147483647;
			files = (
				2FF002722F25E8230039FFE0 /* FirebaseAnalyticsIdentitySupport in Frameworks */,
				2FF002772F25EC3A0039FFE0 /* FirebaseCrashlytics in Frameworks */,
				2FF0026E2F25E8230039FFE0 /* FirebaseAnalytics in Frameworks */,
				2F1DD8522F2AB6D2008B1A20 /* SocketIO in Frameworks */,
				2FF002702F25E8230039FFE0 /* FirebaseAnalyticsCore in Frameworks */,
			);
			runOnlyForDeploymentPostprocessing = 0;
		};
		2FE318D82F229B1400F8305A /* Frameworks */ = {
			isa = PBXFrameworksBuildPhase;
			buildActionMask = 2147483647;
			files = (
				2FE318E02F229B1500F8305A /* SwiftUI.framework in Frameworks */,
				2FE318DE2F229B1500F8305A /* WidgetKit.framework in Frameworks */,
			);
			runOnlyForDeploymentPostprocessing = 0;
		};
		50C3C1E50CC56CDC2963FD45 /* Frameworks */ = {
			isa = PBXFrameworksBuildPhase;
			buildActionMask = 2147483647;
			files = (
				3DFCFCBB3A2515CED9A9610F /* Foundation.framework in Frameworks */,
			);
			runOnlyForDeploymentPostprocessing = 0;
		};
/* End PBXFrameworksBuildPhase section */

/* Begin PBXGroup section */
		13A0E1A3D9FBF28DFE71A8F1 /* iOS */ = {
			isa = PBXGroup;
			children = (
				1767159F3A8A8318E799A51C /* Foundation.framework */,
			);
			name = iOS;
			sourceTree = "<group>";
		};
		2F2D040C2F1CCAB80090D110 = {
			isa = PBXGroup;
			children = (
				2FE319022F229B9700F8305A /* PromptWidgetExtensionExtension.entitlements */,
				2F2D04172F1CCAB80090D110 /* Prompt */,
				2FE318E12F229B1500F8305A /* PromptWidgetExtension */,
				2FE318DC2F229B1400F8305A /* Frameworks */,
				2F2D04162F1CCAB80090D110 /* Products */,
				9E6EDF9B0527D52210A7B8F6 /* PromptUITests */,
			);
			sourceTree = "<group>";
		};
		2F2D04162F1CCAB80090D110 /* Products */ = {
			isa = PBXGroup;
			children = (
				2F2D04152F1CCAB80090D110 /* Prompt.app */,
				2FE318DB2F229B1400F8305A /* PromptWidgetExtensionExtension.appex */,
				06160774B0B708D3BA10F52E /* PromptUITests.xctest */,
			);
			name = Products;
			sourceTree = "<group>";
		};
		2FE318DC2F229B1400F8305A /* Frameworks */ = {
			isa = PBXGroup;
			children = (
				2FE318DD2F229B1400F8305A /* WidgetKit.framework */,
				2FE318DF2F229B1500F8305A /* SwiftUI.framework */,
				13A0E1A3D9FBF28DFE71A8F1 /* iOS */,
			);
			name = Frameworks;
			sourceTree = "<group>";
		};
		9E6EDF9B0527D52210A7B8F6 /* PromptUITests */ = {
			isa = PBXGroup;
			children = (
				D3816F1BCB5CD71643E49CDA /* PromptUITests/ScreenshotTests.swift */,
				90AE3E57D1D2828E4DF480C9 /* PromptUITests/SnapshotHelper.swift */,
				AB979EF86BB183B20F25B776 /* PromptUITests/Info.plist */,
			);
			path = PromptUITests;
			sourceTree = SOURCE_ROOT;
		};
/* End PBXGroup section */

/* Begin PBXNativeTarget section */
		2F2D04142F1CCAB80090D110 /* Prompt */ = {
			isa = PBXNativeTarget;
			buildConfigurationList = 2F2D04232F1CCAB90090D110 /* Build configuration list for PBXNativeTarget "Prompt" */;
			buildPhases = (
				2F2D04112F1CCAB80090D110 /* Sources */,
				2F2D04122F1CCAB80090D110 /* Frameworks */,
				2F2D04132F1CCAB80090D110 /* Resources */,
				2FE318F62F229B1700F8305A /* Embed Foundation Extensions */,
				2FF002752F25EAC50039FFE0 /* Crashlytics */,
			);
			buildRules = (
			);
			dependencies = (
				2FE318F02F229B1700F8305A /* PBXTargetDependency */,
			);
			fileSystemSynchronizedGroups = (
				2F2D04172F1CCAB80090D110 /* Prompt */,
			);
			name = Prompt;
			packageProductDependencies = (
				2FF0026D2F25E8230039FFE0 /* FirebaseAnalytics */,
				2FF0026F2F25E8230039FFE0 /* FirebaseAnalyticsCore */,
				2FF002712F25E8230039FFE0 /* FirebaseAnalyticsIdentitySupport */,
				2FF002762F25EC3A0039FFE0 /* FirebaseCrashlytics */,
				2F1DD8512F2AB6D2008B1A20 /* SocketIO */,
			);
			productName = Prompt;
			productReference = 2F2D04152F1CCAB80090D110 /* Prompt.app */;
			productType = "com.apple.product-type.application";
		};
		2FE318DA2F229B1400F8305A /* PromptWidgetExtensionExtension */ = {
			isa = PBXNativeTarget;
			buildConfigurationList = 2FE318F22F229B1700F8305A /* Build configuration list for PBXNativeTarget "PromptWidgetExtensionExtension" */;
			buildPhases = (
				2FE318D72F229B1400F8305A /* Sources */,
				2FE318D82F229B1400F8305A /* Frameworks */,
				2FE318D92F229B1400F8305A /* Resources */,
			);
			buildRules = (
			);
			dependencies = (
			);
			fileSystemSynchronizedGroups = (
				2FE318E12F229B1500F8305A /* PromptWidgetExtension */,
			);
			name = PromptWidgetExtensionExtension;
			productName = PromptWidgetExtensionExtension;
			productReference = 2FE318DB2F229B1400F8305A /* PromptWidgetExtensionExtension.appex */;
			productType = "com.apple.product-type.app-extension";
		};
		EAB58270EE5267FEE55C2992 /* PromptUITests */ = {
			isa = PBXNativeTarget;
			buildConfigurationList = D2D1C9EE16BE91099C446725 /* Build configuration list for PBXNativeTarget "PromptUITests" */;
			buildPhases = (
				A284C5FD3F93672E5E041AA2 /* Sources */,
				50C3C1E50CC56CDC2963FD45 /* Frameworks */,
				C126C6E889B7F62425A3D891 /* Resources */,
			);
			buildRules = (
			);
			dependencies = (
				448126F1002D4A12BD9914EB /* PBXTargetDependency */,
			);
			name = PromptUITests;
			productName = PromptUITests;
			productReference = 06160774B0B708D3BA10F52E /* PromptUITests.xctest */;
			productType = "com.apple.product-type.bundle.ui-testing";
		};
/* End PBXNativeTarget section */

/* Begin PBXProject section */
		2F2D040D2F1CCAB80090D110 /* Project object */ = {
			isa = PBXProject;
			attributes = {
				BuildIndependentTargetsInParallel = 1;
				LastSwiftUpdateCheck = 2610;
				LastUpgradeCheck = 2610;
				TargetAttributes = {
					2F2D04142F1CCAB80090D110 = {
						CreatedOnToolsVersion = 26.1.1;
					};
					2FE318DA2F229B1400F8305A = {
						CreatedOnToolsVersion = 26.1.1;
					};
				};
			};
			buildConfigurationList = 2F2D04102F1CCAB80090D110 /* Build configuration list for PBXProject "Prompt" */;
			developmentRegion = en;
			hasScannedForEncodings = 0;
			knownRegions = (
				en,
				Base,
			);
			mainGroup = 2F2D040C2F1CCAB80090D110;
			minimizedProjectReferenceProxies = 1;
			packageReferences = (
				2FF002682F25E8230039FFE0 /* XCRemoteSwiftPackageReference "firebase-ios-sdk" */,
				2F1DD8502F2AB6D2008B1A20 /* XCRemoteSwiftPackageReference "socket" */,
			);
			preferredProjectObjectVersion = 77;
			productRefGroup = 2F2D04162F1CCAB80090D110 /* Products */;
			projectDirPath = "";
			projectRoot = "";
			targets = (
				2F2D04142F1CCAB80090D110 /* Prompt */,
				2FE318DA2F229B1400F8305A /* PromptWidgetExtensionExtension */,
				EAB58270EE5267FEE55C2992 /* PromptUITests */,
			);
		};
/* End PBXProject section */

/* Begin PBXResourcesBuildPhase section */
		2F2D04132F1CCAB80090D110 /* Resources */ = {
			isa = PBXResourcesBuildPhase;
			buildActionMask = 2147483647;
			files = (
			);
			runOnlyForDeploymentPostprocessing = 0;
		};
		2FE318D92F229B1400F8305A /* Resources */ = {
			isa = PBXResourcesBuildPhase;
			buildActionMask = 2147483647;
			files = (
			);
			runOnlyForDeploymentPostprocessing = 0;
		};
		C126C6E889B7F62425A3D891 /* Resources */ = {
			isa = PBXResourcesBuildPhase;
			buildActionMask = 2147483647;
			files = (
			);
			runOnlyForDeploymentPostprocessing = 0;
		};
/* End PBXResourcesBuildPhase section */

/* Begin PBXShellScriptBuildPhase section */
		2FF002752F25EAC50039FFE0 /* Crashlytics */ = {
			isa = PBXShellScriptBuildPhase;
			alwaysOutOfDate = 1;
			buildActionMask = 2147483647;
			files = (
			);
			inputFileListPaths = (
			);
			inputPaths = (
				"${DWARF_DSYM_FOLDER_PATH}/${DWARF_DSYM_FILE_NAME}",
				"${DWARF_DSYM_FOLDER_PATH}/${DWARF_DSYM_FILE_NAME}/Contents/Resources/DWARF/${PRODUCT_NAME}",
				"${DWARF_DSYM_FOLDER_PATH}/${DWARF_DSYM_FILE_NAME}/Contents/Info.plist",
				"$(TARGET_BUILD_DIR)/$(UNLOCALIZED_RESOURCES_FOLDER_PATH)/GoogleService-Info.plist",
				"$(TARGET_BUILD_DIR)/$(EXECUTABLE_PATH)",
			);
			name = Crashlytics;
			outputFileListPaths = (
			);
			outputPaths = (
			);
			runOnlyForDeploymentPostprocessing = 0;
			shellPath = /bin/sh;
			shellScript = "\"${BUILD_DIR%/Build/*}/SourcePackages/checkouts/firebase-ios-sdk/Crashlytics/run\"\n";
		};
/* End PBXShellScriptBuildPhase section */

/* Begin PBXSourcesBuildPhase section */
		2F2D04112F1CCAB80090D110 /* Sources */ = {
			isa = PBXSourcesBuildPhase;
			buildActionMask = 2147483647;
			files = (
			);
			runOnlyForDeploymentPostprocessing = 0;
		};
		2FE318D72F229B1400F8305A /* Sources */ = {
			isa = PBXSourcesBuildPhase;
			buildActionMask = 2147483647;
			files = (
			);
			runOnlyForDeploymentPostprocessing = 0;
		};
		A284C5FD3F93672E5E041AA2 /* Sources */ = {
			isa = PBXSourcesBuildPhase;
			buildActionMask = 2147483647;
			files = (
				3117569E48D7851BAE137469 /* PromptUITests/ScreenshotTests.swift in Sources */,
				F67B4B4AB3DB8E0F8AF8AE6C /* PromptUITests/SnapshotHelper.swift in Sources */,
			);
			runOnlyForDeploymentPostprocessing = 0;
		};
/* End PBXSourcesBuildPhase section */

/* Begin PBXTargetDependency section */
		2FE318F02F229B1700F8305A /* PBXTargetDependency */ = {
			isa = PBXTargetDependency;
			target = 2FE318DA2F229B1400F8305A /* PromptWidgetExtensionExtension */;
			targetProxy = 2FE318EF2F229B1700F8305A /* PBXContainerItemProxy */;
		};
		448126F1002D4A12BD9914EB /* PBXTargetDependency */ = {
			isa = PBXTargetDependency;
			name = Prompt;
			target = 2F2D04142F1CCAB80090D110 /* Prompt */;
			targetProxy = 85CC3DCA78E7A703DF6DA954 /* PBXContainerItemProxy */;
		};
/* End PBXTargetDependency section */

/* Begin XCBuildConfiguration section */
		1A9B414376B8E96A69247AF9 /* Release */ = {
			isa = XCBuildConfiguration;
			buildSettings = {
				CLANG_ENABLE_OBJC_WEAK = NO;
				CODE_SIGN_STYLE = Automatic;
				DEVELOPMENT_TEAM = 487LC4H9U4;
				GENERATE_INFOPLIST_FILE = NO;
				INFOPLIST_FILE = PromptUITests/Info.plist;
				IPHONEOS_DEPLOYMENT_TARGET = 17.0;
				LD_RUNPATH_SEARCH_PATHS = (
					"$(inherited)",
					"@executable_path/Frameworks",
					"@loader_path/Frameworks",
				);
				PRODUCT_BUNDLE_IDENTIFIER = com.res.promptomizer.uitests;
				PRODUCT_NAME = "$(TARGET_NAME)";
				SDKROOT = iphoneos;
				SWIFT_VERSION = 5.0;
				TARGETED_DEVICE_FAMILY = "1,2";
				TEST_TARGET_NAME = Prompt;
				VALIDATE_PRODUCT = YES;
			};
			name = Release;
		};
		2F2D04242F1CCAB90090D110 /* Debug */ = {
			isa = XCBuildConfiguration;
			buildSettings = {
				ASSETCATALOG_COMPILER_APPICON_NAME = AppIcon;
				ASSETCATALOG_COMPILER_GLOBAL_ACCENT_COLOR_NAME = AccentColor;
				CODE_SIGN_ENTITLEMENTS = Prompt/Prompt.entitlements;
				CODE_SIGN_STYLE = Automatic;
				CURRENT_PROJECT_VERSION = 1;
				DEVELOPMENT_TEAM = 487LC4H9U4;
				ENABLE_PREVIEWS = YES;
				GENERATE_INFOPLIST_FILE = YES;
				INFOPLIST_FILE = Prompt/Info.plist;
				INFOPLIST_KEY_CFBundleDisplayName = Promptomize;
				INFOPLIST_KEY_LSApplicationCategoryType = "public.app-category.productivity";
				INFOPLIST_KEY_UIApplicationSceneManifest_Generation = YES;
				INFOPLIST_KEY_UIApplicationSupportsIndirectInputEvents = YES;
				INFOPLIST_KEY_UILaunchScreen_Generation = YES;
				INFOPLIST_KEY_UISupportedInterfaceOrientations_iPad = "UIInterfaceOrientationPortrait UIInterfaceOrientationPortraitUpsideDown UIInterfaceOrientationLandscapeLeft UIInterfaceOrientationLandscapeRight";
				INFOPLIST_KEY_UISupportedInterfaceOrientations_iPhone = "UIInterfaceOrientationPortrait UIInterfaceOrientationLandscapeLeft UIInterfaceOrientationLandscapeRight";
				LD_RUNPATH_SEARCH_PATHS = (
					"$(inherited)",
					"@executable_path/Frameworks",
				);
				MARKETING_VERSION = 1.5;
				PRODUCT_BUNDLE_IDENTIFIER = com.res.promptomizer;
				PRODUCT_NAME = "$(TARGET_NAME)";
				STRING_CATALOG_GENERATE_SYMBOLS = YES;
				SWIFT_APPROACHABLE_CONCURRENCY = YES;
				SWIFT_DEFAULT_ACTOR_ISOLATION = MainActor;
				SWIFT_EMIT_LOC_STRINGS = YES;
				SWIFT_UPCOMING_FEATURE_MEMBER_IMPORT_VISIBILITY = YES;
				SWIFT_VERSION = 5.0;
				TARGETED_DEVICE_FAMILY = "1,2";
			};
			name = Debug;
		};
		2F2D04252F1CCAB90090D110 /* Release */ = {
			isa = XCBuildConfiguration;
			buildSettings = {
				ASSETCATALOG_COMPILER_APPICON_NAME = AppIcon;
				ASSETCATALOG_COMPILER_GLOBAL_ACCENT_COLOR_NAME = AccentColor;
				CODE_SIGN_ENTITLEMENTS = Prompt/Prompt.entitlements;
				CODE_SIGN_STYLE = Automatic;
				CURRENT_PROJECT_VERSION = 1;
				DEVELOPMENT_TEAM = 487LC4H9U4;
				ENABLE_PREVIEWS = YES;
				GENERATE_INFOPLIST_FILE = YES;
				INFOPLIST_FILE = Prompt/Info.plist;
				INFOPLIST_KEY_CFBundleDisplayName = Promptomize;
				INFOPLIST_KEY_LSApplicationCategoryType = "public.app-category.productivity";
				INFOPLIST_KEY_UIApplicationSceneManifest_Generation = YES;
				INFOPLIST_KEY_UIApplicationSupportsIndirectInputEvents = YES;
				INFOPLIST_KEY_UILaunchScreen_Generation = YES;
				INFOPLIST_KEY_UISupportedInterfaceOrientations_iPad = "UIInterfaceOrientationPortrait UIInterfaceOrientationPortraitUpsideDown UIInterfaceOrientationLandscapeLeft UIInterfaceOrientationLandscapeRight";
				INFOPLIST_KEY_UISupportedInterfaceOrientations_iPhone = "UIInterfaceOrientationPortrait UIInterfaceOrientationLandscapeLeft UIInterfaceOrientationLandscapeRight";
				LD_RUNPATH_SEARCH_PATHS = (
					"$(inherited)",
					"@executable_path/Frameworks",
				);
				MARKETING_VERSION = 1.5;
				PRODUCT_BUNDLE_IDENTIFIER = com.res.promptomizer;
				PRODUCT_NAME = "$(TARGET_NAME)";
				STRING_CATALOG_GENERATE_SYMBOLS = YES;
				SWIFT_APPROACHABLE_CONCURRENCY = YES;
				SWIFT_DEFAULT_ACTOR_ISOLATION = MainActor;
				SWIFT_EMIT_LOC_STRINGS = YES;
				SWIFT_UPCOMING_FEATURE_MEMBER_IMPORT_VISIBILITY = YES;
				SWIFT_VERSION = 5.0;
				TARGETED_DEVICE_FAMILY = "1,2";
			};
			name = Release;
		};
		2F2D04262F1CCAB90090D110 /* Debug */ = {
			isa = XCBuildConfiguration;
			buildSettings = {
				ALWAYS_SEARCH_USER_PATHS = NO;
				ASSETCATALOG_COMPILER_GENERATE_SWIFT_ASSET_SYMBOL_EXTENSIONS = YES;
				CLANG_ANALYZER_NONNULL = YES;
				CLANG_ANALYZER_NUMBER_OBJECT_CONVERSION = YES_AGGRESSIVE;
				CLANG_CXX_LANGUAGE_STANDARD = "gnu++20";
				CLANG_ENABLE_MODULES = YES;
				CLANG_ENABLE_OBJC_ARC = YES;
				CLANG_ENABLE_OBJC_WEAK = YES;
				CLANG_WARN_BLOCK_CAPTURE_AUTORELEASING = YES;
				CLANG_WARN_BOOL_CONVERSION = YES;
				CLANG_WARN_COMMA = YES;
				CLANG_WARN_CONSTANT_CONVERSION = YES;
				CLANG_WARN_DEPRECATED_OBJC_IMPLEMENTATIONS = YES;
				CLANG_WARN_DIRECT_OBJC_ISA_USAGE = YES_ERROR;
				CLANG_WARN_DOCUMENTATION_COMMENTS = YES;
				CLANG_WARN_EMPTY_BODY = YES;
				CLANG_WARN_ENUM_CONVERSION = YES;
				CLANG_WARN_INFINITE_RECURSION = YES;
				CLANG_WARN_INT_CONVERSION = YES;
				CLANG_WARN_NON_LITERAL_NULL_CONVERSION = YES;
				CLANG_WARN_OBJC_IMPLICIT_RETAIN_SELF = YES;
				CLANG_WARN_OBJC_LITERAL_CONVERSION = YES;
				CLANG_WARN_OBJC_ROOT_CLASS = YES_ERROR;
				CLANG_WARN_QUOTED_INCLUDE_IN_FRAMEWORK_HEADER = YES;
				CLANG_WARN_RANGE_LOOP_ANALYSIS = YES;
				CLANG_WARN_STRICT_PROTOTYPES = YES;
				CLANG_WARN_SUSPICIOUS_MOVE = YES;
				CLANG_WARN_UNGUARDED_AVAILABILITY = YES_AGGRESSIVE;
				CLANG_WARN_UNREACHABLE_CODE = YES;
				CLANG_WARN__DUPLICATE_METHOD_MATCH = YES;
				COPY_PHASE_STRIP = NO;
				DEBUG_INFORMATION_FORMAT = "dwarf-with-dsym";
				DEVELOPMENT_TEAM = 487LC4H9U4;
				ENABLE_STRICT_OBJC_MSGSEND = YES;
				ENABLE_TESTABILITY = YES;
				ENABLE_USER_SCRIPT_SANDBOXING = YES;
				GCC_C_LANGUAGE_STANDARD = gnu17;
				GCC_DYNAMIC_NO_PIC = NO;
				GCC_NO_COMMON_BLOCKS = YES;
				GCC_OPTIMIZATION_LEVEL = 0;
				GCC_PREPROCESSOR_DEFINITIONS = (
					"DEBUG=1",
					"$(inherited)",
				);
				GCC_WARN_64_TO_32_BIT_CONVERSION = YES;
				GCC_WARN_ABOUT_RETURN_TYPE = YES_ERROR;
				GCC_WARN_UNDECLARED_SELECTOR = YES;
				GCC_WARN_UNINITIALIZED_AUTOS = YES_AGGRESSIVE;
				GCC_WARN_UNUSED_FUNCTION = YES;
				GCC_WARN_UNUSED_VARIABLE = YES;
				IPHONEOS_DEPLOYMENT_TARGET = 18.0;
				LOCALIZATION_PREFERS_STRING_CATALOGS = YES;
				MTL_ENABLE_DEBUG_INFO = INCLUDE_SOURCE;
				MTL_FAST_MATH = YES;
				ONLY_ACTIVE_ARCH = YES;
				SDKROOT = iphoneos;
				SWIFT_ACTIVE_COMPILATION_CONDITIONS = "DEBUG $(inherited)";
				SWIFT_OPTIMIZATION_LEVEL = "-Onone";
			};
			name = Debug;
		};
		2F2D04272F1CCAB90090D110 /* Release */ = {
			isa = XCBuildConfiguration;
			buildSettings = {
				ALWAYS_SEARCH_USER_PATHS = NO;
				ASSETCATALOG_COMPILER_GENERATE_SWIFT_ASSET_SYMBOL_EXTENSIONS = YES;
				CLANG_ANALYZER_NONNULL = YES;
				CLANG_ANALYZER_NUMBER_OBJECT_CONVERSION = YES_AGGRESSIVE;
				CLANG_CXX_LANGUAGE_STANDARD = "gnu++20";
				CLANG_ENABLE_MODULES = YES;
				CLANG_ENABLE_OBJC_ARC = YES;
				CLANG_ENABLE_OBJC_WEAK = YES;
				CLANG_WARN_BLOCK_CAPTURE_AUTORELEASING = YES;
				CLANG_WARN_BOOL_CONVERSION = YES;
				CLANG_WARN_COMMA = YES;
				CLANG_WARN_CONSTANT_CONVERSION = YES;
				CLANG_WARN_DEPRECATED_OBJC_IMPLEMENTATIONS = YES;
				CLANG_WARN_DIRECT_OBJC_ISA_USAGE = YES_ERROR;
				CLANG_WARN_DOCUMENTATION_COMMENTS = YES;
				CLANG_WARN_EMPTY_BODY = YES;
				CLANG_WARN_ENUM_CONVERSION = YES;
				CLANG_WARN_INFINITE_RECURSION = YES;
				CLANG_WARN_INT_CONVERSION = YES;
				CLANG_WARN_NON_LITERAL_NULL_CONVERSION = YES;
				CLANG_WARN_OBJC_IMPLICIT_RETAIN_SELF = YES;
				CLANG_WARN_OBJC_LITERAL_CONVERSION = YES;
				CLANG_WARN_OBJC_ROOT_CLASS = YES_ERROR;
				CLANG_WARN_QUOTED_INCLUDE_IN_FRAMEWORK_HEADER = YES;
				CLANG_WARN_RANGE_LOOP_ANALYSIS = YES;
				CLANG_WARN_STRICT_PROTOTYPES = YES;
				CLANG_WARN_SUSPICIOUS_MOVE = YES;
				CLANG_WARN_UNGUARDED_AVAILABILITY = YES_AGGRESSIVE;
				CLANG_WARN_UNREACHABLE_CODE = YES;
				CLANG_WARN__DUPLICATE_METHOD_MATCH = YES;
				COPY_PHASE_STRIP = NO;
				DEBUG_INFORMATION_FORMAT = "dwarf-with-dsym";
				DEVELOPMENT_TEAM = 487LC4H9U4;
				ENABLE_NS_ASSERTIONS = NO;
				ENABLE_STRICT_OBJC_MSGSEND = YES;
				ENABLE_USER_SCRIPT_SANDBOXING = YES;
				GCC_C_LANGUAGE_STANDARD = gnu17;
				GCC_NO_COMMON_BLOCKS = YES;
				GCC_WARN_64_TO_32_BIT_CONVERSION = YES;
				GCC_WARN_ABOUT_RETURN_TYPE = YES_ERROR;
				GCC_WARN_UNDECLARED_SELECTOR = YES;
				GCC_WARN_UNINITIALIZED_AUTOS = YES_AGGRESSIVE;
				GCC_WARN_UNUSED_FUNCTION = YES;
				GCC_WARN_UNUSED_VARIABLE = YES;
				IPHONEOS_DEPLOYMENT_TARGET = 18.0;
				LOCALIZATION_PREFERS_STRING_CATALOGS = YES;
				MTL_ENABLE_DEBUG_INFO = NO;
				MTL_FAST_MATH = YES;
				SDKROOT = iphoneos;
				SWIFT_COMPILATION_MODE = wholemodule;
				VALIDATE_PRODUCT = YES;
			};
			name = Release;
		};
		2FE318F32F229B1700F8305A /* Debug */ = {
			isa = XCBuildConfiguration;
			buildSettings = {
				ASSETCATALOG_COMPILER_GLOBAL_ACCENT_COLOR_NAME = AccentColor;
				ASSETCATALOG_COMPILER_WIDGET_BACKGROUND_COLOR_NAME = WidgetBackground;
				CODE_SIGN_ENTITLEMENTS = PromptWidgetExtensionExtension.entitlements;
				CODE_SIGN_STYLE = Automatic;
				CURRENT_PROJECT_VERSION = 1;
				DEVELOPMENT_TEAM = 487LC4H9U4;
				GENERATE_INFOPLIST_FILE = YES;
				INFOPLIST_FILE = PromptWidgetExtension/Info.plist;
				INFOPLIST_KEY_CFBundleDisplayName = PromptWidgetExtension;
				INFOPLIST_KEY_NSHumanReadableCopyright = "";
				LD_RUNPATH_SEARCH_PATHS = (
					"$(inherited)",
					"@executable_path/Frameworks",
					"@executable_path/../../Frameworks",
				);
				MARKETING_VERSION = 1.5;
				PRODUCT_BUNDLE_IDENTIFIER = com.res.promptomizer.PromptWidgetExtension;
				PRODUCT_NAME = "$(TARGET_NAME)";
				SKIP_INSTALL = YES;
				STRING_CATALOG_GENERATE_SYMBOLS = YES;
				SWIFT_APPROACHABLE_CONCURRENCY = YES;
				SWIFT_EMIT_LOC_STRINGS = YES;
				SWIFT_UPCOMING_FEATURE_MEMBER_IMPORT_VISIBILITY = YES;
				SWIFT_VERSION = 5.0;
				TARGETED_DEVICE_FAMILY = "1,2";
			};
			name = Debug;
		};
		2FE318F42F229B1700F8305A /* Release */ = {
			isa = XCBuildConfiguration;
			buildSettings = {
				ASSETCATALOG_COMPILER_GLOBAL_ACCENT_COLOR_NAME = AccentColor;
				ASSETCATALOG_COMPILER_WIDGET_BACKGROUND_COLOR_NAME = WidgetBackground;
				CODE_SIGN_ENTITLEMENTS = PromptWidgetExtensionExtension.entitlements;
				CODE_SIGN_STYLE = Automatic;
				CURRENT_PROJECT_VERSION = 1;
				DEVELOPMENT_TEAM = 487LC4H9U4;
				GENERATE_INFOPLIST_FILE = YES;
				INFOPLIST_FILE = PromptWidgetExtension/Info.plist;
				INFOPLIST_KEY_CFBundleDisplayName = PromptWidgetExtension;
				INFOPLIST_KEY_NSHumanReadableCopyright = "";
				LD_RUNPATH_SEARCH_PATHS = (
					"$(inherited)",
					"@executable_path/Frameworks",
					"@executable_path/../../Frameworks",
				);
				MARKETING_VERSION = 1.5;
				PRODUCT_BUNDLE_IDENTIFIER = com.res.promptomizer.PromptWidgetExtension;
				PRODUCT_NAME = "$(TARGET_NAME)";
				SKIP_INSTALL = YES;
				STRING_CATALOG_GENERATE_SYMBOLS = YES;
				SWIFT_APPROACHABLE_CONCURRENCY = YES;
				SWIFT_EMIT_LOC_STRINGS = YES;
				SWIFT_UPCOMING_FEATURE_MEMBER_IMPORT_VISIBILITY = YES;
				SWIFT_VERSION = 5.0;
				TARGETED_DEVICE_FAMILY = "1,2";
			};
			name = Release;
		};
		5805DD0945754B9FD3AA098F /* Debug */ = {
			isa = XCBuildConfiguration;
			buildSettings = {
				CLANG_ENABLE_OBJC_WEAK = NO;
				CODE_SIGN_STYLE = Automatic;
				DEVELOPMENT_TEAM = 487LC4H9U4;
				GENERATE_INFOPLIST_FILE = NO;
				INFOPLIST_FILE = PromptUITests/Info.plist;
				IPHONEOS_DEPLOYMENT_TARGET = 17.0;
				LD_RUNPATH_SEARCH_PATHS = (
					"$(inherited)",
					"@executable_path/Frameworks",
					"@loader_path/Frameworks",
				);
				PRODUCT_BUNDLE_IDENTIFIER = com.res.promptomizer.uitests;
				PRODUCT_NAME = "$(TARGET_NAME)";
				SDKROOT = iphoneos;
				SWIFT_VERSION = 5.0;
				TARGETED_DEVICE_FAMILY = "1,2";
				TEST_TARGET_NAME = Prompt;
			};
			name = Debug;
		};
/* End XCBuildConfiguration section */

/* Begin XCConfigurationList section */
		2F2D04102F1CCAB80090D110 /* Build configuration list for PBXProject "Prompt" */ = {
			isa = XCConfigurationList;
			buildConfigurations = (
				2F2D04262F1CCAB90090D110 /* Debug */,
				2F2D04272F1CCAB90090D110 /* Release */,
			);
			defaultConfigurationIsVisible = 0;
			defaultConfigurationName = Release;
		};
		2F2D04232F1CCAB90090D110 /* Build configuration list for PBXNativeTarget "Prompt" */ = {
			isa = XCConfigurationList;
			buildConfigurations = (
				2F2D04242F1CCAB90090D110 /* Debug */,
				2F2D04252F1CCAB90090D110 /* Release */,
			);
			defaultConfigurationIsVisible = 0;
			defaultConfigurationName = Release;
		};
		2FE318F22F229B1700F8305A /* Build configuration list for PBXNativeTarget "PromptWidgetExtensionExtension" */ = {
			isa = XCConfigurationList;
			buildConfigurations = (
				2FE318F32F229B1700F8305A /* Debug */,
				2FE318F42F229B1700F8305A /* Release */,
			);
			defaultConfigurationIsVisible = 0;
			defaultConfigurationName = Release;
		};
		D2D1C9EE16BE91099C446725 /* Build configuration list for PBXNativeTarget "PromptUITests" */ = {
			isa = XCConfigurationList;
			buildConfigurations = (
				1A9B414376B8E96A69247AF9 /* Release */,
				5805DD0945754B9FD3AA098F /* Debug */,
			);
			defaultConfigurationIsVisible = 0;
			defaultConfigurationName = Release;
		};
/* End XCConfigurationList section */

/* Begin XCRemoteSwiftPackageReference section */
		2F1DD8502F2AB6D2008B1A20 /* XCRemoteSwiftPackageReference "socket" */ = {
			isa = XCRemoteSwiftPackageReference;
			repositoryURL = "https://github.com/socketio/socket.io-client-swift";
			requirement = {
				branch = master;
				kind = branch;
			};
		};
		2FF002682F25E8230039FFE0 /* XCRemoteSwiftPackageReference "firebase-ios-sdk" */ = {
			isa = XCRemoteSwiftPackageReference;
			repositoryURL = "https://github.com/firebase/firebase-ios-sdk";
			requirement = {
				kind = upToNextMajorVersion;
				minimumVersion = 12.8.0;
			};
		};
/* End XCRemoteSwiftPackageReference section */

/* Begin XCSwiftPackageProductDependency section */
		2F1DD8512F2AB6D2008B1A20 /* SocketIO */ = {
			isa = XCSwiftPackageProductDependency;
			package = 2F1DD8502F2AB6D2008B1A20 /* XCRemoteSwiftPackageReference "socket" */;
			productName = SocketIO;
		};
		2FF0026D2F25E8230039FFE0 /* FirebaseAnalytics */ = {
			isa = XCSwiftPackageProductDependency;
			package = 2FF002682F25E8230039FFE0 /* XCRemoteSwiftPackageReference "firebase-ios-sdk" */;
			productName = FirebaseAnalytics;
		};
		2FF0026F2F25E8230039FFE0 /* FirebaseAnalyticsCore */ = {
			isa = XCSwiftPackageProductDependency;
			package = 2FF002682F25E8230039FFE0 /* XCRemoteSwiftPackageReference "firebase-ios-sdk" */;
			productName = FirebaseAnalyticsCore;
		};
		2FF002712F25E8230039FFE0 /* FirebaseAnalyticsIdentitySupport */ = {
			isa = XCSwiftPackageProductDependency;
			package = 2FF002682F25E8230039FFE0 /* XCRemoteSwiftPackageReference "firebase-ios-sdk" */;
			productName = FirebaseAnalyticsIdentitySupport;
		};
		2FF002762F25EC3A0039FFE0 /* FirebaseCrashlytics */ = {
			isa = XCSwiftPackageProductDependency;
			package = 2FF002682F25E8230039FFE0 /* XCRemoteSwiftPackageReference "firebase-ios-sdk" */;
			productName = FirebaseCrashlytics;
		};
/* End XCSwiftPackageProductDependency section */
	};
	rootObject = 2F2D040D2F1CCAB80090D110 /* Project object */;
}
